// !$*UTF8*$!
{
	archiveVersion = 1;
	classes = {
	};
	objectVersion = 56;
	objects = {

/* Begin PBXBuildFile section */
		2C346E2E2A4542FF00CBEBC8 /* Totally_CatsApp.swift in Sources */ = {isa = PBXBuildFile; fileRef = 2C346E2D2A4542FF00CBEBC8 /* Totally_CatsApp.swift */; };
		2C346E302A4542FF00CBEBC8 /* CatView.swift in Sources */ = {isa = PBXBuildFile; fileRef = 2C346E2F2A4542FF00CBEBC8 /* CatView.swift */; };
		2C346E322A45430300CBEBC8 /* Assets.xcassets in Resources */ = {isa = PBXBuildFile; fileRef = 2C346E312A45430300CBEBC8 /* Assets.xcassets */; };
		2C346E352A45430400CBEBC8 /* Preview Assets.xcassets in Resources */ = {isa = PBXBuildFile; fileRef = 2C346E342A45430400CBEBC8 /* Preview Assets.xcassets */; };
		2C346E402A45453800CBEBC8 /* LoadingView.swift in Sources */ = {isa = PBXBuildFile; fileRef = 2C346E3F2A45453800CBEBC8 /* LoadingView.swift */; };
		2C346E442A4545FC00CBEBC8 /* CatViewViewModel.swift in Sources */ = {isa = PBXBuildFile; fileRef = 2C346E432A4545FC00CBEBC8 /* CatViewViewModel.swift */; };
		2C346E462A45758F00CBEBC8 /* CatFactsManager.swift in Sources */ = {isa = PBXBuildFile; fileRef = 2C346E452A45758F00CBEBC8 /* CatFactsManager.swift */; };
		2C346E4A2A46430600CBEBC8 /* Extensions.swift in Sources */ = {isa = PBXBuildFile; fileRef = 2C346E492A46430500CBEBC8 /* Extensions.swift */; };
		2C346E4C2A46456100CBEBC8 /* Meows.swift in Sources */ = {isa = PBXBuildFile; fileRef = 2C346E4B2A46456100CBEBC8 /* Meows.swift */; };
		2C6EC0E72A46603600D06544 /* meow1.mp3 in Resources */ = {isa = PBXBuildFile; fileRef = 2C6EC0E62A46603600D06544 /* meow1.mp3 */; };
		2C6EC0E92A46604700D06544 /* meow2.mp3 in Resources */ = {isa = PBXBuildFile; fileRef = 2C6EC0E82A46604700D06544 /* meow2.mp3 */; };
		2C6EC0EB2A46699A00D06544 /* meow3.mp3 in Resources */ = {isa = PBXBuildFile; fileRef = 2C6EC0EA2A46699A00D06544 /* meow3.mp3 */; };
		2C6EC0ED2A4669AD00D06544 /* meow4.mp3 in Resources */ = {isa = PBXBuildFile; fileRef = 2C6EC0EC2A4669AD00D06544 /* meow4.mp3 */; };
		2C6EC0EF2A4669BC00D06544 /* meow5.mp3 in Resources */ = {isa = PBXBuildFile; fileRef = 2C6EC0EE2A4669BC00D06544 /* meow5.mp3 */; };
		2C6EC0F12A4669CC00D06544 /* meow6.mp3 in Resources */ = {isa = PBXBuildFile; fileRef = 2C6EC0F02A4669CC00D06544 /* meow6.mp3 */; };
		2C6EC0F32A4669DA00D06544 /* meow7.mp3 in Resources */ = {isa = PBXBuildFile; fileRef = 2C6EC0F22A4669DA00D06544 /* meow7.mp3 */; };
		2C6EC0F52A468AB900D06544 /* WelcomeView.swift in Sources */ = {isa = PBXBuildFile; fileRef = 2C6EC0F42A468AB900D06544 /* WelcomeView.swift */; };
		2C6EC0F72A468AE400D06544 /* WelcomeViewViewModel.swift in Sources */ = {isa = PBXBuildFile; fileRef = 2C6EC0F62A468AE400D06544 /* WelcomeViewViewModel.swift */; };
/* End PBXBuildFile section */

/* Begin PBXFileReference section */
		2C346E2A2A4542FF00CBEBC8 /* Totally Cats.app */ = {isa = PBXFileReference; explicitFileType = wrapper.application; includeInIndex = 0; path = "Totally Cats.app"; sourceTree = BUILT_PRODUCTS_DIR; };
		2C346E2D2A4542FF00CBEBC8 /* Totally_CatsApp.swift */ = {isa = PBXFileReference; lastKnownFileType = sourcecode.swift; path = Totally_CatsApp.swift; sourceTree = "<group>"; };
		2C346E2F2A4542FF00CBEBC8 /* CatView.swift */ = {isa = PBXFileReference; lastKnownFileType = sourcecode.swift; path = CatView.swift; sourceTree = "<group>"; tabWidth = 4; };
		2C346E312A45430300CBEBC8 /* Assets.xcassets */ = {isa = PBXFileReference; lastKnownFileType = folder.assetcatalog; path = Assets.xcassets; sourceTree = "<group>"; };
		2C346E342A45430400CBEBC8 /* Preview Assets.xcassets */ = {isa = PBXFileReference; lastKnownFileType = folder.assetcatalog; path = "Preview Assets.xcassets"; sourceTree = "<group>"; };
		2C346E3F2A45453800CBEBC8 /* LoadingView.swift */ = {isa = PBXFileReference; lastKnownFileType = sourcecode.swift; path = LoadingView.swift; sourceTree = "<group>"; };
		2C346E432A4545FC00CBEBC8 /* CatViewViewModel.swift */ = {isa = PBXFileReference; lastKnownFileType = sourcecode.swift; path = CatViewViewModel.swift; sourceTree = "<group>"; };
		2C346E452A45758F00CBEBC8 /* CatFactsManager.swift */ = {isa = PBXFileReference; lastKnownFileType = sourcecode.swift; path = CatFactsManager.swift; sourceTree = "<group>"; };
		2C346E492A46430500CBEBC8 /* Extensions.swift */ = {isa = PBXFileReference; lastKnownFileType = sourcecode.swift; path = Extensions.swift; sourceTree = "<group>"; };
		2C346E4B2A46456100CBEBC8 /* Meows.swift */ = {isa = PBXFileReference; lastKnownFileType = sourcecode.swift; path = Meows.swift; sourceTree = "<group>"; };
		2C6EC0E62A46603600D06544 /* meow1.mp3 */ = {isa = PBXFileReference; lastKnownFileType = audio.mp3; name = meow1.mp3; path = "Totally Cats/Assets.xcassets/meow1.dataset/meow1.mp3"; sourceTree = "<group>"; };
		2C6EC0E82A46604700D06544 /* meow2.mp3 */ = {isa = PBXFileReference; lastKnownFileType = audio.mp3; name = meow2.mp3; path = "Totally Cats/Assets.xcassets/meow2.dataset/meow2.mp3"; sourceTree = "<group>"; };
		2C6EC0EA2A46699A00D06544 /* meow3.mp3 */ = {isa = PBXFileReference; lastKnownFileType = audio.mp3; name = meow3.mp3; path = "Totally Cats/Assets.xcassets/meow3.dataset/meow3.mp3"; sourceTree = "<group>"; };
		2C6EC0EC2A4669AD00D06544 /* meow4.mp3 */ = {isa = PBXFileReference; lastKnownFileType = audio.mp3; name = meow4.mp3; path = "Totally Cats/Assets.xcassets/meow4.dataset/meow4.mp3"; sourceTree = "<group>"; };
		2C6EC0EE2A4669BC00D06544 /* meow5.mp3 */ = {isa = PBXFileReference; lastKnownFileType = audio.mp3; name = meow5.mp3; path = "Totally Cats/Assets.xcassets/meow5.dataset/meow5.mp3"; sourceTree = "<group>"; };
		2C6EC0F02A4669CC00D06544 /* meow6.mp3 */ = {isa = PBXFileReference; lastKnownFileType = audio.mp3; name = meow6.mp3; path = "Totally Cats/Assets.xcassets/meow6.dataset/meow6.mp3"; sourceTree = "<group>"; };
		2C6EC0F22A4669DA00D06544 /* meow7.mp3 */ = {isa = PBXFileReference; lastKnownFileType = audio.mp3; name = meow7.mp3; path = "Totally Cats/Assets.xcassets/meow7.dataset/meow7.mp3"; sourceTree = "<group>"; };
		2C6EC0F42A468AB900D06544 /* WelcomeView.swift */ = {isa = PBXFileReference; lastKnownFileType = sourcecode.swift; path = WelcomeView.swift; sourceTree = "<group>"; };
		2C6EC0F62A468AE400D06544 /* WelcomeViewViewModel.swift */ = {isa = PBXFileReference; lastKnownFileType = sourcecode.swift; path = WelcomeViewViewModel.swift; sourceTree = "<group>"; };
/* End PBXFileReference section */

/* Begin PBXFrameworksBuildPhase section */
		2C346E272A4542FF00CBEBC8 /* Frameworks */ = {
			isa = PBXFrameworksBuildPhase;
			buildActionMask = 2147483647;
			files = (
			);
			runOnlyForDeploymentPostprocessing = 0;
		};
/* End PBXFrameworksBuildPhase section */

/* Begin PBXGroup section */
		2C346E212A4542FF00CBEBC8 = {
			isa = PBXGroup;
			children = (
				2C6EC0F22A4669DA00D06544 /* meow7.mp3 */,
				2C6EC0F02A4669CC00D06544 /* meow6.mp3 */,
				2C6EC0EE2A4669BC00D06544 /* meow5.mp3 */,
				2C6EC0EC2A4669AD00D06544 /* meow4.mp3 */,
				2C6EC0EA2A46699A00D06544 /* meow3.mp3 */,
				2C6EC0E82A46604700D06544 /* meow2.mp3 */,
				2C6EC0E62A46603600D06544 /* meow1.mp3 */,
				2C346E2C2A4542FF00CBEBC8 /* Totally Cats */,
				2C346E2B2A4542FF00CBEBC8 /* Products */,
			);
			sourceTree = "<group>";
		};
		2C346E2B2A4542FF00CBEBC8 /* Products */ = {
			isa = PBXGroup;
			children = (
				2C346E2A2A4542FF00CBEBC8 /* Totally Cats.app */,
			);
			name = Products;
			sourceTree = "<group>";
		};
		2C346E2C2A4542FF00CBEBC8 /* Totally Cats */ = {
			isa = PBXGroup;
			children = (
				2C6EC0F82A468C4400D06544 /* Resources */,
				2C346E312A45430300CBEBC8 /* Assets.xcassets */,
				2C346E3E2A45435400CBEBC8 /* Other */,
				2C346E3C2A45433000CBEBC8 /* Models */,
				2C346E3D2A45434500CBEBC8 /* ModelViews */,
				2C346E3B2A45431400CBEBC8 /* Views */,
				2C346E332A45430400CBEBC8 /* Preview Content */,
			);
			path = "Totally Cats";
			sourceTree = "<group>";
		};
		2C346E332A45430400CBEBC8 /* Preview Content */ = {
			isa = PBXGroup;
			children = (
				2C346E342A45430400CBEBC8 /* Preview Assets.xcassets */,
			);
			path = "Preview Content";
			sourceTree = "<group>";
		};
		2C346E3B2A45431400CBEBC8 /* Views */ = {
			isa = PBXGroup;
			children = (
				2C6EC0F42A468AB900D06544 /* WelcomeView.swift */,
				2C346E2F2A4542FF00CBEBC8 /* CatView.swift */,
				2C346E3F2A45453800CBEBC8 /* LoadingView.swift */,
			);
			path = Views;
			sourceTree = "<group>";
		};
		2C346E3C2A45433000CBEBC8 /* Models */ = {
			isa = PBXGroup;
			children = (
			);
			path = Models;
			sourceTree = "<group>";
		};
		2C346E3D2A45434500CBEBC8 /* ModelViews */ = {
			isa = PBXGroup;
			children = (
				2C6EC0F62A468AE400D06544 /* WelcomeViewViewModel.swift */,
				2C346E452A45758F00CBEBC8 /* CatFactsManager.swift */,
				2C346E432A4545FC00CBEBC8 /* CatViewViewModel.swift */,
			);
			path = ModelViews;
			sourceTree = "<group>";
		};
		2C346E3E2A45435400CBEBC8 /* Other */ = {
			isa = PBXGroup;
			children = (
				2C346E2D2A4542FF00CBEBC8 /* Totally_CatsApp.swift */,
				2C346E492A46430500CBEBC8 /* Extensions.swift */,
				2C346E4B2A46456100CBEBC8 /* Meows.swift */,
			);
			path = Other;
			sourceTree = "<group>";
		};
		2C6EC0F82A468C4400D06544 /* Resources */ = {
			isa = PBXGroup;
			children = (
			);
			path = Resources;
			sourceTree = "<group>";
		};
/* End PBXGroup section */

/* Begin PBXNativeTarget section */
		2C346E292A4542FF00CBEBC8 /* Totally Cats */ = {
			isa = PBXNativeTarget;
			buildConfigurationList = 2C346E382A45430400CBEBC8 /* Build configuration list for PBXNativeTarget "Totally Cats" */;
			buildPhases = (
				2C346E262A4542FF00CBEBC8 /* Sources */,
				2C346E272A4542FF00CBEBC8 /* Frameworks */,
				2C346E282A4542FF00CBEBC8 /* Resources */,
			);
			buildRules = (
			);
			dependencies = (
			);
			name = "Totally Cats";
			productName = "Totally Cats";
			productReference = 2C346E2A2A4542FF00CBEBC8 /* Totally Cats.app */;
			productType = "com.apple.product-type.application";
		};
/* End PBXNativeTarget section */

/* Begin PBXProject section */
		2C346E222A4542FF00CBEBC8 /* Project object */ = {
			isa = PBXProject;
			attributes = {
				BuildIndependentTargetsInParallel = 1;
				LastSwiftUpdateCheck = 1430;
				LastUpgradeCheck = 1430;
				TargetAttributes = {
					2C346E292A4542FF00CBEBC8 = {
						CreatedOnToolsVersion = 14.3;
					};
				};
			};
			buildConfigurationList = 2C346E252A4542FF00CBEBC8 /* Build configuration list for PBXProject "Totally Cats" */;
			compatibilityVersion = "Xcode 14.0";
			developmentRegion = en;
			hasScannedForEncodings = 0;
			knownRegions = (
				en,
				Base,
			);
			mainGroup = 2C346E212A4542FF00CBEBC8;
			productRefGroup = 2C346E2B2A4542FF00CBEBC8 /* Products */;
			projectDirPath = "";
			projectRoot = "";
			targets = (
				2C346E292A4542FF00CBEBC8 /* Totally Cats */,
			);
		};
/* End PBXProject section */

/* Begin PBXResourcesBuildPhase section */
		2C346E282A4542FF00CBEBC8 /* Resources */ = {
			isa = PBXResourcesBuildPhase;
			buildActionMask = 2147483647;
			files = (
				2C6EC0F32A4669DA00D06544 /* meow7.mp3 in Resources */,
				2C6EC0F12A4669CC00D06544 /* meow6.mp3 in Resources */,
				2C6EC0EF2A4669BC00D06544 /* meow5.mp3 in Resources */,
				2C6EC0ED2A4669AD00D06544 /* meow4.mp3 in Resources */,
				2C6EC0EB2A46699A00D06544 /* meow3.mp3 in Resources */,
				2C6EC0E92A46604700D06544 /* meow2.mp3 in Resources */,
				2C6EC0E72A46603600D06544 /* meow1.mp3 in Resources */,
				2C346E352A45430400CBEBC8 /* Preview Assets.xcassets in Resources */,
				2C346E322A45430300CBEBC8 /* Assets.xcassets in Resources */,
			);
			runOnlyForDeploymentPostprocessing = 0;
		};
/* End PBXResourcesBuildPhase section */

/* Begin PBXSourcesBuildPhase section */
		2C346E262A4542FF00CBEBC8 /* Sources */ = {
			isa = PBXSourcesBuildPhase;
			buildActionMask = 2147483647;
			files = (
				2C346E4C2A46456100CBEBC8 /* Meows.swift in Sources */,
				2C346E302A4542FF00CBEBC8 /* CatView.swift in Sources */,
				2C346E4A2A46430600CBEBC8 /* Extensions.swift in Sources */,
				2C6EC0F52A468AB900D06544 /* WelcomeView.swift in Sources */,
				2C346E442A4545FC00CBEBC8 /* CatViewViewModel.swift in Sources */,
				2C346E462A45758F00CBEBC8 /* CatFactsManager.swift in Sources */,
				2C346E2E2A4542FF00CBEBC8 /* Totally_CatsApp.swift in Sources */,
				2C346E402A45453800CBEBC8 /* LoadingView.swift in Sources */,
				2C6EC0F72A468AE400D06544 /* WelcomeViewViewModel.swift in Sources */,
			);
			runOnlyForDeploymentPostprocessing = 0;
		};
/* End PBXSourcesBuildPhase section */

/* Begin XCBuildConfiguration section */
		2C346E362A45430400CBEBC8 /* Debug */ = {
			isa = XCBuildConfiguration;
			buildSettings = {
				ALWAYS_SEARCH_USER_PATHS = NO;
				CLANG_ANALYZER_NONNULL = YES;
				CLANG_ANALYZER_NUMBER_OBJECT_CONVERSION = YES_AGGRESSIVE;
				CLANG_CXX_LANGUAGE_STANDARD = "gnu++20";
				CLANG_ENABLE_MODULES = YES;
				CLANG_ENABLE_OBJC_ARC = YES;
				CLANG_ENABLE_OBJC_WEAK = YES;
				CLANG_WARN_BLOCK_CAPTURE_AUTORELEASING = YES;
				CLANG_WARN_BOOL_CONVERSION = YES;
				CLANG_WARN_COMMA = YES;
				CLANG_WARN_CONSTANT_CONVERSION = YES;
				CLANG_WARN_DEPRECATED_OBJC_IMPLEMENTATIONS = YES;
				CLANG_WARN_DIRECT_OBJC_ISA_USAGE = YES_ERROR;
				CLANG_WARN_DOCUMENTATION_COMMENTS = YES;
				CLANG_WARN_EMPTY_BODY = YES;
				CLANG_WARN_ENUM_CONVERSION = YES;
				CLANG_WARN_INFINITE_RECURSION = YES;
				CLANG_WARN_INT_CONVERSION = YES;
				CLANG_WARN_NON_LITERAL_NULL_CONVERSION = YES;
				CLANG_WARN_OBJC_IMPLICIT_RETAIN_SELF = YES;
				CLANG_WARN_OBJC_LITERAL_CONVERSION = YES;
				CLANG_WARN_OBJC_ROOT_CLASS = YES_ERROR;
				CLANG_WARN_QUOTED_INCLUDE_IN_FRAMEWORK_HEADER = YES;
				CLANG_WARN_RANGE_LOOP_ANALYSIS = YES;
				CLANG_WARN_STRICT_PROTOTYPES = YES;
				CLANG_WARN_SUSPICIOUS_MOVE = YES;
				CLANG_WARN_UNGUARDED_AVAILABILITY = YES_AGGRESSIVE;
				CLANG_WARN_UNREACHABLE_CODE = YES;
				CLANG_WARN__DUPLICATE_METHOD_MATCH = YES;
				COPY_PHASE_STRIP = NO;
				DEBUG_INFORMATION_FORMAT = dwarf;
				ENABLE_STRICT_OBJC_MSGSEND = YES;
				ENABLE_TESTABILITY = YES;
				GCC_C_LANGUAGE_STANDARD = gnu11;
				GCC_DYNAMIC_NO_PIC = NO;
				GCC_NO_COMMON_BLOCKS = YES;
				GCC_OPTIMIZATION_LEVEL = 0;
				GCC_PREPROCESSOR_DEFINITIONS = (
					"DEBUG=1",
					"$(inherited)",
				);
				GCC_WARN_64_TO_32_BIT_CONVERSION = YES;
				GCC_WARN_ABOUT_RETURN_TYPE = YES_ERROR;
				GCC_WARN_UNDECLARED_SELECTOR = YES;
				GCC_WARN_UNINITIALIZED_AUTOS = YES_AGGRESSIVE;
				GCC_WARN_UNUSED_FUNCTION = YES;
				GCC_WARN_UNUSED_VARIABLE = YES;
				IPHONEOS_DEPLOYMENT_TARGET = 16.4;
				MTL_ENABLE_DEBUG_INFO = INCLUDE_SOURCE;
				MTL_FAST_MATH = YES;
				ONLY_ACTIVE_ARCH = YES;
				SDKROOT = iphoneos;
				SWIFT_ACTIVE_COMPILATION_CONDITIONS = DEBUG;
				SWIFT_OPTIMIZATION_LEVEL = "-Onone";
			};
			name = Debug;
		};
		2C346E372A45430400CBEBC8 /* Release */ = {
			isa = XCBuildConfiguration;
			buildSettings = {
				ALWAYS_SEARCH_USER_PATHS = NO;
				CLANG_ANALYZER_NONNULL = YES;
				CLANG_ANALYZER_NUMBER_OBJECT_CONVERSION = YES_AGGRESSIVE;
				CLANG_CXX_LANGUAGE_STANDARD = "gnu++20";
				CLANG_ENABLE_MODULES = YES;
				CLANG_ENABLE_OBJC_ARC = YES;
				CLANG_ENABLE_OBJC_WEAK = YES;
				CLANG_WARN_BLOCK_CAPTURE_AUTORELEASING = YES;
				CLANG_WARN_BOOL_CONVERSION = YES;
				CLANG_WARN_COMMA = YES;
				CLANG_WARN_CONSTANT_CONVERSION = YES;
				CLANG_WARN_DEPRECATED_OBJC_IMPLEMENTATIONS = YES;
				CLANG_WARN_DIRECT_OBJC_ISA_USAGE = YES_ERROR;
				CLANG_WARN_DOCUMENTATION_COMMENTS = YES;
				CLANG_WARN_EMPTY_BODY = YES;
				CLANG_WARN_ENUM_CONVERSION = YES;
				CLANG_WARN_INFINITE_RECURSION = YES;
				CLANG_WARN_INT_CONVERSION = YES;
				CLANG_WARN_NON_LITERAL_NULL_CONVERSION = YES;
				CLANG_WARN_OBJC_IMPLICIT_RETAIN_SELF = YES;
				CLANG_WARN_OBJC_LITERAL_CONVERSION = YES;
				CLANG_WARN_OBJC_ROOT_CLASS = YES_ERROR;
				CLANG_WARN_QUOTED_INCLUDE_IN_FRAMEWORK_HEADER = YES;
				CLANG_WARN_RANGE_LOOP_ANALYSIS = YES;
				CLANG_WARN_STRICT_PROTOTYPES = YES;
				CLANG_WARN_SUSPICIOUS_MOVE = YES;
				CLANG_WARN_UNGUARDED_AVAILABILITY = YES_AGGRESSIVE;
				CLANG_WARN_UNREACHABLE_CODE = YES;
				CLANG_WARN__DUPLICATE_METHOD_MATCH = YES;
				COPY_PHASE_STRIP = NO;
				DEBUG_INFORMATION_FORMAT = "dwarf-with-dsym";
				ENABLE_NS_ASSERTIONS = NO;
				ENABLE_STRICT_OBJC_MSGSEND = YES;
				GCC_C_LANGUAGE_STANDARD = gnu11;
				GCC_NO_COMMON_BLOCKS = YES;
				GCC_WARN_64_TO_32_BIT_CONVERSION = YES;
				GCC_WARN_ABOUT_RETURN_TYPE = YES_ERROR;
				GCC_WARN_UNDECLARED_SELECTOR = YES;
				GCC_WARN_UNINITIALIZED_AUTOS = YES_AGGRESSIVE;
				GCC_WARN_UNUSED_FUNCTION = YES;
				GCC_WARN_UNUSED_VARIABLE = YES;
				IPHONEOS_DEPLOYMENT_TARGET = 16.4;
				MTL_ENABLE_DEBUG_INFO = NO;
				MTL_FAST_MATH = YES;
				SDKROOT = iphoneos;
				SWIFT_COMPILATION_MODE = wholemodule;
				SWIFT_OPTIMIZATION_LEVEL = "-O";
				VALIDATE_PRODUCT = YES;
			};
			name = Release;
		};
		2C346E392A45430400CBEBC8 /* Debug */ = {
			isa = XCBuildConfiguration;
			buildSettings = {
				ASSETCATALOG_COMPILER_APPICON_NAME = AppIcon;
				ASSETCATALOG_COMPILER_GLOBAL_ACCENT_COLOR_NAME = AccentColor;
				ASSETCATALOG_COMPILER_INCLUDE_ALL_APPICON_ASSETS = YES;
				CODE_SIGN_STYLE = Automatic;
				CURRENT_PROJECT_VERSION = 1;
				DEVELOPMENT_ASSET_PATHS = "\"Totally Cats/Preview Content\"";
				DEVELOPMENT_TEAM = WCLJH7U85A;
				ENABLE_PREVIEWS = YES;
				GENERATE_INFOPLIST_FILE = YES;
				INFOPLIST_KEY_UIApplicationSceneManifest_Generation = YES;
				INFOPLIST_KEY_UIApplicationSupportsIndirectInputEvents = YES;
				INFOPLIST_KEY_UILaunchScreen_Generation = YES;
				INFOPLIST_KEY_UISupportedInterfaceOrientations = UIInterfaceOrientationPortrait;
				INFOPLIST_KEY_UISupportedInterfaceOrientations_iPad = "UIInterfaceOrientationLandscapeLeft UIInterfaceOrientationLandscapeRight UIInterfaceOrientationPortrait UIInterfaceOrientationPortraitUpsideDown";
				LD_RUNPATH_SEARCH_PATHS = (
					"$(inherited)",
					"@executable_path/Frameworks",
				);
				MARKETING_VERSION = 1.0;
				PRODUCT_BUNDLE_IDENTIFIER = "Sun-and-Moon-Creative.Totally-Cats";
				PRODUCT_NAME = "$(TARGET_NAME)";
				SWIFT_EMIT_LOC_STRINGS = YES;
				SWIFT_VERSION = 5.0;
				TARGETED_DEVICE_FAMILY = "1,2";
			};
			name = Debug;
		};
		2C346E3A2A45430400CBEBC8 /* Release */ = {
			isa = XCBuildConfiguration;
			buildSettings = {
				ASSETCATALOG_COMPILER_APPICON_NAME = AppIcon;
				ASSETCATALOG_COMPILER_GLOBAL_ACCENT_COLOR_NAME = AccentColor;
				ASSETCATALOG_COMPILER_INCLUDE_ALL_APPICON_ASSETS = YES;
				CODE_SIGN_STYLE = Automatic;
				CURRENT_PROJECT_VERSION = 1;
				DEVELOPMENT_ASSET_PATHS = "\"Totally Cats/Preview Content\"";
				DEVELOPMENT_TEAM = WCLJH7U85A;
				ENABLE_PREVIEWS = YES;
				GENERATE_INFOPLIST_FILE = YES;
				INFOPLIST_KEY_UIApplicationSceneManifest_Generation = YES;
				INFOPLIST_KEY_UIApplicationSupportsIndirectInputEvents = YES;
				INFOPLIST_KEY_UILaunchScreen_Generation = YES;
				INFOPLIST_KEY_UISupportedInterfaceOrientations = UIInterfaceOrientationPortrait;
				INFOPLIST_KEY_UISupportedInterfaceOrientations_iPad = "UIInterfaceOrientationLandscapeLeft UIInterfaceOrientationLandscapeRight UIInterfaceOrientationPortrait UIInterfaceOrientationPortraitUpsideDown";
				LD_RUNPATH_SEARCH_PATHS = (
					"$(inherited)",
					"@executable_path/Frameworks",
				);
				MARKETING_VERSION = 1.0;
				PRODUCT_BUNDLE_IDENTIFIER = "Sun-and-Moon-Creative.Totally-Cats";
				PRODUCT_NAME = "$(TARGET_NAME)";
				SWIFT_EMIT_LOC_STRINGS = YES;
				SWIFT_VERSION = 5.0;
				TARGETED_DEVICE_FAMILY = "1,2";
			};
			name = Release;
		};
/* End XCBuildConfiguration section */

/* Begin XCConfigurationList section */
		2C346E252A4542FF00CBEBC8 /* Build configuration list for PBXProject "Totally Cats" */ = {
			isa = XCConfigurationList;
			buildConfigurations = (
				2C346E362A45430400CBEBC8 /* Debug */,
				2C346E372A45430400CBEBC8 /* Release */,
			);
			defaultConfigurationIsVisible = 0;
			defaultConfigurationName = Release;
		};
		2C346E382A45430400CBEBC8 /* Build configuration list for PBXNativeTarget "Totally Cats" */ = {
			isa = XCConfigurationList;
			buildConfigurations = (
				2C346E392A45430400CBEBC8 /* Debug */,
				2C346E3A2A45430400CBEBC8 /* Release */,
			);
			defaultConfigurationIsVisible = 0;
			defaultConfigurationName = Release;
		};
/* End XCConfigurationList section */
	};
	rootObject = 2C346E222A4542FF00CBEBC8 /* Project object */;
}
